
Microsoft Visual Studio Solution File, Format Version 12.00
# Visual Studio Version 17
VisualStudioVersion = 17.2.32616.157
MinimumVisualStudioVersion = 10.0.40219.1
Project("{9A19103F-16F7-4668-BE54-9A1E7A4F7556}") = "Masset", "Masset\Masset.csproj", "{F7558D42-5C2B-43A3-83FD-32488713AEFA}"
EndProject
Project("{9A19103F-16F7-4668-BE54-9A1E7A4F7556}") = "DataAccess", "DataAccess\DataAccess.csproj", "{EAC2F9FE-3641-4CD5-85BA-D0A69CE74FAB}"
EndProject
Project("{FAE04EC0-301F-11D3-BF4B-00C04F79EFBC}") = "Business", "Business\Business.csproj", "{D4DD0EAA-649C-40E4-955B-0A1BA73EE3A3}"
EndProject
Project("{FAE04EC0-301F-11D3-BF4B-00C04F79EFBC}") = "Contracts", "Contracts\Contracts.csproj", "{B0714935-5D69-4FC9-8D44-411044A41864}"
EndProject
Global
	GlobalSection(SolutionConfigurationPlatforms) = preSolution
		Debug|Any CPU = Debug|Any CPU
		Release|Any CPU = Release|Any CPU
	EndGlobalSection
	GlobalSection(ProjectConfigurationPlatforms) = postSolution
		{F7558D42-5C2B-43A3-83FD-32488713AEFA}.Debug|Any CPU.ActiveCfg = Debug|Any CPU
		{F7558D42-5C2B-43A3-83FD-32488713AEFA}.Debug|Any CPU.Build.0 = Debug|Any CPU
		{F7558D42-5C2B-43A3-83FD-32488713AEFA}.Release|Any CPU.ActiveCfg = Release|Any CPU
		{F7558D42-5C2B-43A3-83FD-32488713AEFA}.Release|Any CPU.Build.0 = Release|Any CPU
		{EAC2F9FE-3641-4CD5-85BA-D0A69CE74FAB}.Debug|Any CPU.ActiveCfg = Debug|Any CPU
		{EAC2F9FE-3641-4CD5-85BA-D0A69CE74FAB}.Debug|Any CPU.Build.0 = Debug|Any CPU
		{EAC2F9FE-3641-4CD5-85BA-D0A69CE74FAB}.Release|Any CPU.ActiveCfg = Release|Any CPU
		{EAC2F9FE-3641-4CD5-85BA-D0A69CE74FAB}.Release|Any CPU.Build.0 = Release|Any CPU
		{D4DD0EAA-649C-40E4-955B-0A1BA73EE3A3}.Debug|Any CPU.ActiveCfg = Debug|Any CPU
		{D4DD0EAA-649C-40E4-955B-0A1BA73EE3A3}.Debug|Any CPU.Build.0 = Debug|Any CPU
		{D4DD0EAA-649C-40E4-955B-0A1BA73EE3A3}.Release|Any CPU.ActiveCfg = Release|Any CPU
		{D4DD0EAA-649C-40E4-955B-0A1BA73EE3A3}.Release|Any CPU.Build.0 = Release|Any CPU
		{B0714935-5D69-4FC9-8D44-411044A41864}.Debug|Any CPU.ActiveCfg = Debug|Any CPU
		{B0714935-5D69-4FC9-8D44-411044A41864}.Debug|Any CPU.Build.0 = Debug|Any CPU
		{B0714935-5D69-4FC9-8D44-411044A41864}.Release|Any CPU.ActiveCfg = Release|Any CPU
		{B0714935-5D69-4FC9-8D44-411044A41864}.Release|Any CPU.Build.0 = Release|Any CPU
	EndGlobalSection
	GlobalSection(SolutionProperties) = preSolution
		HideSolutionNode = FALSE
	EndGlobalSection
	GlobalSection(ExtensibilityGlobals) = postSolution
		SolutionGuid = {3429A297-5A18-4BB9-BC49-18C129DB36D8}
	EndGlobalSection
EndGlobal
